
Microsoft Visual Studio Solution File, Format Version 12.00
# Visual Studio Version 17
VisualStudioVersion = 17.3.32825.248
MinimumVisualStudioVersion = 10.0.40219.1
Project("{FAE04EC0-301F-11D3-BF4B-00C04F79EFBC}") = "AITechnothon_ProblemStatement9", "AITechnothon_ProblemStatement9\AITechnothon_ProblemStatement9.csproj", "{DD56523E-5290-4DED-8E2B-D700BDBF788E}"
EndProject
Global
	GlobalSection(SolutionConfigurationPlatforms) = preSolution
		Debug|Any CPU = Debug|Any CPU
		Release|Any CPU = Release|Any CPU
	EndGlobalSection
	GlobalSection(ProjectConfigurationPlatforms) = postSolution
		{DD56523E-5290-4DED-8E2B-D700BDBF788E}.Debug|Any CPU.ActiveCfg = Debug|Any CPU
		{DD56523E-5290-4DED-8E2B-D700BDBF788E}.Debug|Any CPU.Build.0 = Debug|Any CPU
		{DD56523E-5290-4DED-8E2B-D700BDBF788E}.Release|Any CPU.ActiveCfg = Release|Any CPU
		{DD56523E-5290-4DED-8E2B-D700BDBF788E}.Release|Any CPU.Build.0 = Release|Any CPU
	EndGlobalSection
	GlobalSection(SolutionProperties) = preSolution
		HideSolutionNode = FALSE
	EndGlobalSection
	GlobalSection(ExtensibilityGlobals) = postSolution
		SolutionGuid = {838C9D80-5792-487A-9E94-B78CCCC834EE}
	EndGlobalSection
EndGlobal
